GEM
  remote: https://rubygems.org/
  specs:
    ast (2.2.0)
    childprocess (0.5.9)
      ffi (~> 1.0, >= 1.0.11)
    exifr (1.2.4)
    ffi (1.9.10)
    fspath (2.1.1)
    haml (4.0.7)
      tilt
    haml_lint (0.16.1)
      haml (~> 4.0)
      rake (~> 10.0)
      rubocop (>= 0.36.0)
      sysexits (~> 1.1)
    image_optim (0.22.1)
      exifr (~> 1.2, >= 1.2.2)
      fspath (~> 2.1)
      image_size (~> 1.3)
      in_threads (~> 1.3)
      progress (~> 3.0, >= 3.0.1)
    image_optim_pack (0.2.1.20160221)
      fspath (~> 2.1)
      image_optim (~> 0.19)
    image_size (1.4.2)
    in_threads (1.3.1)
    iniparse (1.4.2)
    overcommit (0.32.0)
      childprocess (~> 0.5.8)
      iniparse (~> 1.4)
    parser (2.3.0.6)
      ast (~> 2.2)
    powerpack (0.1.1)
    progress (3.1.1)
    rainbow (2.1.0)
    rake (10.5.0)
    rubocop (0.37.2)
      parser (>= 2.3.0.4, < 3.0)
      powerpack (~> 0.1)
      rainbow (>= 1.99.1, < 3.0)
      ruby-progressbar (~> 1.7)
      unicode-display_width (~> 0.3)
    ruby-progressbar (1.7.5)
    sass (3.4.21)
    scss_lint (0.47.1)
      rake (>= 0.9, < 11)
      sass (~> 3.4.15)
    sysexits (1.2.0)
    tilt (2.0.2)
    unicode-display_width (0.3.1)

PLATFORMS
  ruby

DEPENDENCIES
  haml_lint
  image_optim
  image_optim_pack
  overcommit
  scss_lint

BUNDLED WITH
   1.11.2
